github.com/BurntSushi/toml v0.3.1 h1:WXkYYl6Yr3qBf1K79EBnL4mak0OimBfB0XUf9Vl28OQ=
github.com/BurntSushi/toml v0.3.1/go.mod h1:xHWCNGjB5oqiDr8zfno3MHue2Ht5sIBksp03qcyfWMU=
github.com/koron/go-dproxy v1.3.0 h1:wE0gxsw1NJnbkk5czp3/xUtwgTeLP8p/YaSjdUOmI7k=
github.com/koron/go-dproxy v1.3.0/go.mod h1:M+lZRjGA7zf1CdgBWoL8HH1lKb6jlgR4qnX3hxRdQHs=
